
Microsoft Visual Studio Solution File, Format Version 12.00
# Visual Studio Version 17
VisualStudioVersion = 17.5.33502.453
MinimumVisualStudioVersion = 10.0.40219.1
Project("{FAE04EC0-301F-11D3-BF4B-00C04F79EFBC}") = "WebApplication7", "WebApplication7.csproj", "{4F18DC01-BC74-4072-9EDF-1CB3D5981F10}"
EndProject
Global
	GlobalSection(SolutionConfigurationPlatforms) = preSolution
		Debug|Any CPU = Debug|Any CPU
		Release|Any CPU = Release|Any CPU
	EndGlobalSection
	GlobalSection(ProjectConfigurationPlatforms) = postSolution
		{4F18DC01-BC74-4072-9EDF-1CB3D5981F10}.Debug|Any CPU.ActiveCfg = Debug|Any CPU
		{4F18DC01-BC74-4072-9EDF-1CB3D5981F10}.Debug|Any CPU.Build.0 = Debug|Any CPU
		{4F18DC01-BC74-4072-9EDF-1CB3D5981F10}.Release|Any CPU.ActiveCfg = Release|Any CPU
		{4F18DC01-BC74-4072-9EDF-1CB3D5981F10}.Release|Any CPU.Build.0 = Release|Any CPU
	EndGlobalSection
	GlobalSection(SolutionProperties) = preSolution
		HideSolutionNode = FALSE
	EndGlobalSection
	GlobalSection(ExtensibilityGlobals) = postSolution
		SolutionGuid = {D646E900-529F-4C8E-ACC5-E42003A694A6}
	EndGlobalSection
EndGlobal
